// !$*UTF8*$!
{
	archiveVersion = 1;
	classes = {
	};
	objectVersion = 46;
	objects = {

/* Begin PBXBuildFile section */
		96AD3FC11BA035A500E4FC46 /* avatar02.png in Resources */ = {isa = PBXBuildFile; fileRef = 96AD3FBD1BA035A500E4FC46 /* avatar02.png */; };
		96AD3FC21BA035A500E4FC46 /* avatar02@2x.png in Resources */ = {isa = PBXBuildFile; fileRef = 96AD3FBE1BA035A500E4FC46 /* avatar02@2x.png */; };
		96AD3FC31BA035A500E4FC46 /* image_bg.png in Resources */ = {isa = PBXBuildFile; fileRef = 96AD3FBF1BA035A500E4FC46 /* image_bg.png */; };
		96AD3FC41BA035A500E4FC46 /* image_bg@2x.png in Resources */ = {isa = PBXBuildFile; fileRef = 96AD3FC01BA035A500E4FC46 /* image_bg@2x.png */; };
		96AD3FC91BA0361500E4FC46 /* LDadd_to_cart_button.png in Resources */ = {isa = PBXBuildFile; fileRef = 96AD3FC51BA0361500E4FC46 /* LDadd_to_cart_button.png */; };
		96AD3FCA1BA0361500E4FC46 /* LDadd_to_cart_button@2x.png in Resources */ = {isa = PBXBuildFile; fileRef = 96AD3FC61BA0361500E4FC46 /* LDadd_to_cart_button@2x.png */; };
		96AD3FCB1BA0361500E4FC46 /* LDback_button.png in Resources */ = {isa = PBXBuildFile; fileRef = 96AD3FC71BA0361500E4FC46 /* LDback_button.png */; };
		96AD3FCC1BA0361500E4FC46 /* LDback_button@2x.png in Resources */ = {isa = PBXBuildFile; fileRef = 96AD3FC81BA0361500E4FC46 /* LDback_button@2x.png */; };
		96AD3FD01BA0497500E4FC46 /* ProductListingDetailViewController.m in Sources */ = {isa = PBXBuildFile; fileRef = 96AD3FCF1BA0497500E4FC46 /* ProductListingDetailViewController.m */; };
		96AD3FE11BA0576800E4FC46 /* 12 Cart.jpg in Resources */ = {isa = PBXBuildFile; fileRef = 96AD3FD21BA0576800E4FC46 /* 12 Cart.jpg */; };
		96AD3FE21BA0576800E4FC46 /* add_icon.png in Resources */ = {isa = PBXBuildFile; fileRef = 96AD3FD31BA0576800E4FC46 /* add_icon.png */; };
		96AD3FE31BA0576800E4FC46 /* add_icon@2x.png in Resources */ = {isa = PBXBuildFile; fileRef = 96AD3FD41BA0576800E4FC46 /* add_icon@2x.png */; };
		96AD3FE41BA0576800E4FC46 /* cart_bg_list.png in Resources */ = {isa = PBXBuildFile; fileRef = 96AD3FD51BA0576800E4FC46 /* cart_bg_list.png */; };
		96AD3FE51BA0576800E4FC46 /* cart_bg_list@2x.png in Resources */ = {isa = PBXBuildFile; fileRef = 96AD3FD61BA0576800E4FC46 /* cart_bg_list@2x.png */; };
		96AD3FE61BA0576800E4FC46 /* checkout_button.png in Resources */ = {isa = PBXBuildFile; fileRef = 96AD3FD71BA0576800E4FC46 /* checkout_button.png */; };
		96AD3FE71BA0576800E4FC46 /* checkout_button@2x.png in Resources */ = {isa = PBXBuildFile; fileRef = 96AD3FD81BA0576800E4FC46 /* checkout_button@2x.png */; };
		96AD3FE81BA0576800E4FC46 /* close_icon.png in Resources */ = {isa = PBXBuildFile; fileRef = 96AD3FD91BA0576800E4FC46 /* close_icon.png */; };
		96AD3FE91BA0576800E4FC46 /* close_icon@2x.png in Resources */ = {isa = PBXBuildFile; fileRef = 96AD3FDA1BA0576800E4FC46 /* close_icon@2x.png */; };
		96AD3FEA1BA0576800E4FC46 /* quantity_inputbox.png in Resources */ = {isa = PBXBuildFile; fileRef = 96AD3FDB1BA0576800E4FC46 /* quantity_inputbox.png */; };
		96AD3FEB1BA0576800E4FC46 /* quantity_inputbox@2x.png in Resources */ = {isa = PBXBuildFile; fileRef = 96AD3FDC1BA0576800E4FC46 /* quantity_inputbox@2x.png */; };
		96AD3FEC1BA0576800E4FC46 /* remove_button.png in Resources */ = {isa = PBXBuildFile; fileRef = 96AD3FDD1BA0576800E4FC46 /* remove_button.png */; };
		96AD3FED1BA0576800E4FC46 /* remove_button@2x.png in Resources */ = {isa = PBXBuildFile; fileRef = 96AD3FDE1BA0576800E4FC46 /* remove_button@2x.png */; };
		96AD3FEE1BA0576800E4FC46 /* subtrach_icon.png in Resources */ = {isa = PBXBuildFile; fileRef = 96AD3FDF1BA0576800E4FC46 /* subtrach_icon.png */; };
		96AD3FEF1BA0576800E4FC46 /* subtrach_icon@2x.png in Resources */ = {isa = PBXBuildFile; fileRef = 96AD3FE01BA0576800E4FC46 /* subtrach_icon@2x.png */; };
		96AD3FF21BA06AC000E4FC46 /* CartViewController.m in Sources */ = {isa = PBXBuildFile; fileRef = 96AD3FF11BA06AC000E4FC46 /* CartViewController.m */; };
		96AD3FF61BA06AE100E4FC46 /* CartTableViewCell.m in Sources */ = {isa = PBXBuildFile; fileRef = 96AD3FF51BA06AE100E4FC46 /* CartTableViewCell.m */; };
		96EEBED71B9FFFC100816E1D /* avatar01.png in Resources */ = {isa = PBXBuildFile; fileRef = 96EEBED61B9FFFC100816E1D /* avatar01.png */; };
		96EEBEFC1BA0000600816E1D /* 06 Listing.jpg in Resources */ = {isa = PBXBuildFile; fileRef = 96EEBED81BA0000600816E1D /* 06 Listing.jpg */; };
		96EEBEFD1BA0000600816E1D /* avatar01@2x.png in Resources */ = {isa = PBXBuildFile; fileRef = 96EEBED91BA0000600816E1D /* avatar01@2x.png */; };
		96EEBEFE1BA0000600816E1D /* avatar01@3x.png in Resources */ = {isa = PBXBuildFile; fileRef = 96EEBEDA1BA0000600816E1D /* avatar01@3x.png */; };
		96EEBEFF1BA0000600816E1D /* bg_middle_title.png in Resources */ = {isa = PBXBuildFile; fileRef = 96EEBEDB1BA0000600816E1D /* bg_middle_title.png */; };
		96EEBF001BA0000600816E1D /* bg_middle_title@2x.png in Resources */ = {isa = PBXBuildFile; fileRef = 96EEBEDC1BA0000600816E1D /* bg_middle_title@2x.png */; };
		96EEBF011BA0000600816E1D /* bg_middle_title@3x.png in Resources */ = {isa = PBXBuildFile; fileRef = 96EEBEDD1BA0000600816E1D /* bg_middle_title@3x.png */; };
		96EEBF021BA0000600816E1D /* cart_add_icon.png in Resources */ = {isa = PBXBuildFile; fileRef = 96EEBEDE1BA0000600816E1D /* cart_add_icon.png */; };
		96EEBF031BA0000600816E1D /* cart_add_icon@2x.png in Resources */ = {isa = PBXBuildFile; fileRef = 96EEBEDF1BA0000600816E1D /* cart_add_icon@2x.png */; };
		96EEBF041BA0000600816E1D /* cart_add_icon@3x.png in Resources */ = {isa = PBXBuildFile; fileRef = 96EEBEE01BA0000600816E1D /* cart_add_icon@3x.png */; };
		96EEBF051BA0000600816E1D /* cart_icon.png in Resources */ = {isa = PBXBuildFile; fileRef = 96EEBEE11BA0000600816E1D /* cart_icon.png */; };
		96EEBF061BA0000600816E1D /* cart_icon@2x.png in Resources */ = {isa = PBXBuildFile; fileRef = 96EEBEE21BA0000600816E1D /* cart_icon@2x.png */; };
		96EEBF071BA0000600816E1D /* cart_icon@3x.png in Resources */ = {isa = PBXBuildFile; fileRef = 96EEBEE31BA0000600816E1D /* cart_icon@3x.png */; };
		96EEBF081BA0000600816E1D /* cart_icon02.png in Resources */ = {isa = PBXBuildFile; fileRef = 96EEBEE41BA0000600816E1D /* cart_icon02.png */; };
		96EEBF091BA0000600816E1D /* cart_icon02@2x.png in Resources */ = {isa = PBXBuildFile; fileRef = 96EEBEE51BA0000600816E1D /* cart_icon02@2x.png */; };
		96EEBF0A1BA0000600816E1D /* cart_icon02@3x.png in Resources */ = {isa = PBXBuildFile; fileRef = 96EEBEE61BA0000600816E1D /* cart_icon02@3x.png */; };
		96EEBF0B1BA0000600816E1D /* fav_icon.png in Resources */ = {isa = PBXBuildFile; fileRef = 96EEBEE71BA0000600816E1D /* fav_icon.png */; };
		96EEBF0C1BA0000600816E1D /* fav_icon@2x.png in Resources */ = {isa = PBXBuildFile; fileRef = 96EEBEE81BA0000600816E1D /* fav_icon@2x.png */; };
		96EEBF0D1BA0000600816E1D /* fav_icon@3x.png in Resources */ = {isa = PBXBuildFile; fileRef = 96EEBEE91BA0000600816E1D /* fav_icon@3x.png */; };
		96EEBF0E1BA0000600816E1D /* filter_button.png in Resources */ = {isa = PBXBuildFile; fileRef = 96EEBEEA1BA0000600816E1D /* filter_button.png */; };
		96EEBF0F1BA0000600816E1D /* filter_button@2x.png in Resources */ = {isa = PBXBuildFile; fileRef = 96EEBEEB1BA0000600816E1D /* filter_button@2x.png */; };
		96EEBF101BA0000600816E1D /* filter_button@3x.png in Resources */ = {isa = PBXBuildFile; fileRef = 96EEBEEC1BA0000600816E1D /* filter_button@3x.png */; };
		96EEBF111BA0000600816E1D /* header_logo.png in Resources */ = {isa = PBXBuildFile; fileRef = 96EEBEED1BA0000600816E1D /* header_logo.png */; };
		96EEBF121BA0000600816E1D /* header_logo@2x.png in Resources */ = {isa = PBXBuildFile; fileRef = 96EEBEEE1BA0000600816E1D /* header_logo@2x.png */; };
		96EEBF131BA0000600816E1D /* header_logo@3x.png in Resources */ = {isa = PBXBuildFile; fileRef = 96EEBEEF1BA0000600816E1D /* header_logo@3x.png */; };
		96EEBF141BA0000600816E1D /* menu_image.png in Resources */ = {isa = PBXBuildFile; fileRef = 96EEBEF01BA0000600816E1D /* menu_image.png */; };
		96EEBF151BA0000600816E1D /* menu_image@2x.png in Resources */ = {isa = PBXBuildFile; fileRef = 96EEBEF11BA0000600816E1D /* menu_image@2x.png */; };
		96EEBF161BA0000600816E1D /* menu_image@3x.png in Resources */ = {isa = PBXBuildFile; fileRef = 96EEBEF21BA0000600816E1D /* menu_image@3x.png */; };
		96EEBF171BA0000600816E1D /* message_icon.png in Resources */ = {isa = PBXBuildFile; fileRef = 96EEBEF31BA0000600816E1D /* message_icon.png */; };
		96EEBF181BA0000600816E1D /* message_icon@2x.png in Resources */ = {isa = PBXBuildFile; fileRef = 96EEBEF41BA0000600816E1D /* message_icon@2x.png */; };
		96EEBF191BA0000600816E1D /* message_icon@3x.png in Resources */ = {isa = PBXBuildFile; fileRef = 96EEBEF51BA0000600816E1D /* message_icon@3x.png */; };
		96EEBF1A1BA0000600816E1D /* serach_icon.png in Resources */ = {isa = PBXBuildFile; fileRef = 96EEBEF61BA0000600816E1D /* serach_icon.png */; };
		96EEBF1B1BA0000600816E1D /* serach_icon@2x.png in Resources */ = {isa = PBXBuildFile; fileRef = 96EEBEF71BA0000600816E1D /* serach_icon@2x.png */; };
		96EEBF1C1BA0000600816E1D /* serach_icon@3x.png in Resources */ = {isa = PBXBuildFile; fileRef = 96EEBEF81BA0000600816E1D /* serach_icon@3x.png */; };
		96EEBF1D1BA0000600816E1D /* share_icon.png in Resources */ = {isa = PBXBuildFile; fileRef = 96EEBEF91BA0000600816E1D /* share_icon.png */; };
		96EEBF1E1BA0000600816E1D /* share_icon@2x.png in Resources */ = {isa = PBXBuildFile; fileRef = 96EEBEFA1BA0000600816E1D /* share_icon@2x.png */; };
		96EEBF1F1BA0000600816E1D /* share_icon@3x.png in Resources */ = {isa = PBXBuildFile; fileRef = 96EEBEFB1BA0000600816E1D /* share_icon@3x.png */; };
		96EEBF241BA0010000816E1D /* ProductListingTableViewCell.m in Sources */ = {isa = PBXBuildFile; fileRef = 96EEBF211BA0010000816E1D /* ProductListingTableViewCell.m */; };
		96EEBF251BA0010000816E1D /* ProductListingViewController.m in Sources */ = {isa = PBXBuildFile; fileRef = 96EEBF231BA0010000816E1D /* ProductListingViewController.m */; };
		96EEBF271BA002C200816E1D /* skater.jpg in Resources */ = {isa = PBXBuildFile; fileRef = 96EEBF261BA002C200816E1D /* skater.jpg */; };
		96EEBF2B1BA0034500816E1D /* search_input.png in Resources */ = {isa = PBXBuildFile; fileRef = 96EEBF281BA0034500816E1D /* search_input.png */; };
		96EEBF2C1BA0034500816E1D /* search_input@2x.png in Resources */ = {isa = PBXBuildFile; fileRef = 96EEBF291BA0034500816E1D /* search_input@2x.png */; };
		96EEBF2D1BA0034500816E1D /* search_input@3x.png in Resources */ = {isa = PBXBuildFile; fileRef = 96EEBF2A1BA0034500816E1D /* search_input@3x.png */; };
		B076FEC11B9EE357002C9154 /* FacebookSDK.framework in Frameworks */ = {isa = PBXBuildFile; fileRef = B076FEC01B9EE357002C9154 /* FacebookSDK.framework */; };
		B076FECA1B9EE6A4002C9154 /* default.png in Resources */ = {isa = PBXBuildFile; fileRef = B076FEC81B9EE6A4002C9154 /* default.png */; };
		B076FECB1B9EE6A4002C9154 /* default@2x.png in Resources */ = {isa = PBXBuildFile; fileRef = B076FEC91B9EE6A4002C9154 /* default@2x.png */; };
		B076FED81B9EE6FF002C9154 /* 02 Welcome.jpg in Resources */ = {isa = PBXBuildFile; fileRef = B076FECD1B9EE6FF002C9154 /* 02 Welcome.jpg */; };
		B076FED91B9EE6FF002C9154 /* facebook_button.png in Resources */ = {isa = PBXBuildFile; fileRef = B076FECE1B9EE6FF002C9154 /* facebook_button.png */; };
		B076FEDB1B9EE6FF002C9154 /* login_with_email.png in Resources */ = {isa = PBXBuildFile; fileRef = B076FED01B9EE6FF002C9154 /* login_with_email.png */; };
		B076FEDD1B9EE6FF002C9154 /* sign_up_button.png in Resources */ = {isa = PBXBuildFile; fileRef = B076FED21B9EE6FF002C9154 /* sign_up_button.png */; };
		B076FEDF1B9EE6FF002C9154 /* welcome_bg_image.png in Resources */ = {isa = PBXBuildFile; fileRef = B076FED41B9EE6FF002C9154 /* welcome_bg_image.png */; };
		B076FEE11B9EE6FF002C9154 /* welcome_logo.png in Resources */ = {isa = PBXBuildFile; fileRef = B076FED61B9EE6FF002C9154 /* welcome_logo.png */; };
		B076FEE61B9EE959002C9154 /* SignUpViewController.m in Sources */ = {isa = PBXBuildFile; fileRef = B076FEE51B9EE959002C9154 /* SignUpViewController.m */; };
		B076FEEA1B9EE96F002C9154 /* LoginViewController.m in Sources */ = {isa = PBXBuildFile; fileRef = B076FEE91B9EE96F002C9154 /* LoginViewController.m */; };
		B076FEEF1B9EE9F0002C9154 /* SlideViewController.m in Sources */ = {isa = PBXBuildFile; fileRef = B076FEED1B9EE9F0002C9154 /* SlideViewController.m */; };
		B076FEF01B9EE9F0002C9154 /* SlideViewController.xib in Resources */ = {isa = PBXBuildFile; fileRef = B076FEEE1B9EE9F0002C9154 /* SlideViewController.xib */; };
		B076FEF61B9EEA0F002C9154 /* NVSlideMenuController.m in Sources */ = {isa = PBXBuildFile; fileRef = B076FEF31B9EEA0F002C9154 /* NVSlideMenuController.m */; };
		B076FEF71B9EEA0F002C9154 /* Reachability.m in Sources */ = {isa = PBXBuildFile; fileRef = B076FEF51B9EEA0F002C9154 /* Reachability.m */; };
		B076FEFD1B9EF018002C9154 /* facebook_button@2x.png in Resources */ = {isa = PBXBuildFile; fileRef = B076FEF81B9EF018002C9154 /* facebook_button@2x.png */; };
		B076FEFE1B9EF018002C9154 /* login_with_email@2x.png in Resources */ = {isa = PBXBuildFile; fileRef = B076FEF91B9EF018002C9154 /* login_with_email@2x.png */; };
		B076FEFF1B9EF018002C9154 /* sign_up_button@2x.png in Resources */ = {isa = PBXBuildFile; fileRef = B076FEFA1B9EF018002C9154 /* sign_up_button@2x.png */; };
		B076FF001B9EF018002C9154 /* welcome_bg_image@2x.png in Resources */ = {isa = PBXBuildFile; fileRef = B076FEFB1B9EF018002C9154 /* welcome_bg_image@2x.png */; };
		B076FF011B9EF018002C9154 /* welcome_logo@2x.png in Resources */ = {isa = PBXBuildFile; fileRef = B076FEFC1B9EF018002C9154 /* welcome_logo@2x.png */; };
		B076FF071B9EF02A002C9154 /* facebook_button@3x.png in Resources */ = {isa = PBXBuildFile; fileRef = B076FF021B9EF02A002C9154 /* facebook_button@3x.png */; };
		B076FF081B9EF02A002C9154 /* login_with_email@3x.png in Resources */ = {isa = PBXBuildFile; fileRef = B076FF031B9EF02A002C9154 /* login_with_email@3x.png */; };
		B076FF091B9EF02A002C9154 /* sign_up_button@3x.png in Resources */ = {isa = PBXBuildFile; fileRef = B076FF041B9EF02A002C9154 /* sign_up_button@3x.png */; };
		B076FF0A1B9EF02A002C9154 /* welcome_bg_image@3x.png in Resources */ = {isa = PBXBuildFile; fileRef = B076FF051B9EF02A002C9154 /* welcome_bg_image@3x.png */; };
		B076FF0B1B9EF02A002C9154 /* welcome_logo@3x.png in Resources */ = {isa = PBXBuildFile; fileRef = B076FF061B9EF02A002C9154 /* welcome_logo@3x.png */; };
		B076FF131B9EF088002C9154 /* back_arow.png in Resources */ = {isa = PBXBuildFile; fileRef = B076FF0D1B9EF088002C9154 /* back_arow.png */; };
		B076FF141B9EF088002C9154 /* back_button.png in Resources */ = {isa = PBXBuildFile; fileRef = B076FF0E1B9EF088002C9154 /* back_button.png */; };
		B076FF151B9EF088002C9154 /* create_button.png in Resources */ = {isa = PBXBuildFile; fileRef = B076FF0F1B9EF088002C9154 /* create_button.png */; };
		B076FF161B9EF088002C9154 /* input_box.png in Resources */ = {isa = PBXBuildFile; fileRef = B076FF101B9EF088002C9154 /* input_box.png */; };
		B076FF171B9EF088002C9154 /* login_button.png in Resources */ = {isa = PBXBuildFile; fileRef = B076FF111B9EF088002C9154 /* login_button.png */; };
		B076FF181B9EF088002C9154 /* login_main_bg.png in Resources */ = {isa = PBXBuildFile; fileRef = B076FF121B9EF088002C9154 /* login_main_bg.png */; };
		B076FF1F1B9EF09A002C9154 /* back_arow@2x.png in Resources */ = {isa = PBXBuildFile; fileRef = B076FF191B9EF09A002C9154 /* back_arow@2x.png */; };
		B076FF201B9EF09A002C9154 /* back_button@2x.png in Resources */ = {isa = PBXBuildFile; fileRef = B076FF1A1B9EF09A002C9154 /* back_button@2x.png */; };
		B076FF211B9EF09A002C9154 /* create_button@2x.png in Resources */ = {isa = PBXBuildFile; fileRef = B076FF1B1B9EF09A002C9154 /* create_button@2x.png */; };
		B076FF221B9EF09A002C9154 /* input_box@2x.png in Resources */ = {isa = PBXBuildFile; fileRef = B076FF1C1B9EF09A002C9154 /* input_box@2x.png */; };
		B076FF231B9EF09A002C9154 /* login_button@2x.png in Resources */ = {isa = PBXBuildFile; fileRef = B076FF1D1B9EF09A002C9154 /* login_button@2x.png */; };
		B076FF241B9EF09A002C9154 /* login_main_bg@2x.png in Resources */ = {isa = PBXBuildFile; fileRef = B076FF1E1B9EF09A002C9154 /* login_main_bg@2x.png */; };
		B076FF2A1B9EF0B5002C9154 /* back_arow@3x.png in Resources */ = {isa = PBXBuildFile; fileRef = B076FF251B9EF0B5002C9154 /* back_arow@3x.png */; };
		B076FF2B1B9EF0B5002C9154 /* back_button@3x.png in Resources */ = {isa = PBXBuildFile; fileRef = B076FF261B9EF0B5002C9154 /* back_button@3x.png */; };
		B076FF2C1B9EF0B5002C9154 /* create_button@3x.png in Resources */ = {isa = PBXBuildFile; fileRef = B076FF271B9EF0B5002C9154 /* create_button@3x.png */; };
		B076FF2D1B9EF0B5002C9154 /* input_box@3x.png in Resources */ = {isa = PBXBuildFile; fileRef = B076FF281B9EF0B5002C9154 /* input_box@3x.png */; };
		B076FF2E1B9EF0B5002C9154 /* login_button@3x.png in Resources */ = {isa = PBXBuildFile; fileRef = B076FF291B9EF0B5002C9154 /* login_button@3x.png */; };
		B076FF311B9EF81C002C9154 /* fb_sign_up_button.png in Resources */ = {isa = PBXBuildFile; fileRef = B076FF301B9EF81C002C9154 /* fb_sign_up_button.png */; };
		B076FF331B9EF823002C9154 /* finish_button.png in Resources */ = {isa = PBXBuildFile; fileRef = B076FF321B9EF823002C9154 /* finish_button.png */; };
		B076FF351B9EF8B7002C9154 /* sign_up_bg.png in Resources */ = {isa = PBXBuildFile; fileRef = B076FF341B9EF8B7002C9154 /* sign_up_bg.png */; };
		B076FF391B9EF8D2002C9154 /* fb_sign_up_button@2x.png in Resources */ = {isa = PBXBuildFile; fileRef = B076FF361B9EF8D2002C9154 /* fb_sign_up_button@2x.png */; };
		B076FF3A1B9EF8D2002C9154 /* finish_button@2x.png in Resources */ = {isa = PBXBuildFile; fileRef = B076FF371B9EF8D2002C9154 /* finish_button@2x.png */; };
		B076FF3B1B9EF8D2002C9154 /* sign_up_bg@2x.png in Resources */ = {isa = PBXBuildFile; fileRef = B076FF381B9EF8D2002C9154 /* sign_up_bg@2x.png */; };
		B076FF3F1B9EF8E6002C9154 /* fb_sign_up_button@3x.png in Resources */ = {isa = PBXBuildFile; fileRef = B076FF3C1B9EF8E6002C9154 /* fb_sign_up_button@3x.png */; };
		B076FF401B9EF8E6002C9154 /* finish_button@3x.png in Resources */ = {isa = PBXBuildFile; fileRef = B076FF3D1B9EF8E6002C9154 /* finish_button@3x.png */; };
		B076FF411B9EF8E6002C9154 /* sign_up_bg@3x.png in Resources */ = {isa = PBXBuildFile; fileRef = B076FF3E1B9EF8E6002C9154 /* sign_up_bg@3x.png */; };
		B076FF431B9EF8EF002C9154 /* default@3x.png in Resources */ = {isa = PBXBuildFile; fileRef = B076FF421B9EF8EF002C9154 /* default@3x.png */; };
		B0F6030F1B9D4EAC00033580 /* main.m in Sources */ = {isa = PBXBuildFile; fileRef = B0F6030E1B9D4EAC00033580 /* main.m */; };
		B0F603121B9D4EAC00033580 /* AppDelegate.m in Sources */ = {isa = PBXBuildFile; fileRef = B0F603111B9D4EAC00033580 /* AppDelegate.m */; };
		B0F603151B9D4EAC00033580 /* ViewController.m in Sources */ = {isa = PBXBuildFile; fileRef = B0F603141B9D4EAC00033580 /* ViewController.m */; };
		B0F603181B9D4EAC00033580 /* Main.storyboard in Resources */ = {isa = PBXBuildFile; fileRef = B0F603161B9D4EAC00033580 /* Main.storyboard */; };
		B0F6031A1B9D4EAC00033580 /* Images.xcassets in Resources */ = {isa = PBXBuildFile; fileRef = B0F603191B9D4EAC00033580 /* Images.xcassets */; };
		B0F6031D1B9D4EAC00033580 /* LaunchScreen.xib in Resources */ = {isa = PBXBuildFile; fileRef = B0F6031B1B9D4EAC00033580 /* LaunchScreen.xib */; };
		B0F603291B9D4EAC00033580 /* MinifmTests.m in Sources */ = {isa = PBXBuildFile; fileRef = B0F603281B9D4EAC00033580 /* MinifmTests.m */; };
/* End PBXBuildFile section */

/* Begin PBXContainerItemProxy section */
		B0F603231B9D4EAC00033580 /* PBXContainerItemProxy */ = {
			isa = PBXContainerItemProxy;
			containerPortal = B0F603011B9D4EAC00033580 /* Project object */;
			proxyType = 1;
			remoteGlobalIDString = B0F603081B9D4EAC00033580;
			remoteInfo = Minifm;
		};
/* End PBXContainerItemProxy section */

/* Begin PBXFileReference section */
		96AD3FBD1BA035A500E4FC46 /* avatar02.png */ = {isa = PBXFileReference; lastKnownFileType = image.png; path = avatar02.png; sourceTree = "<group>"; };
		96AD3FBE1BA035A500E4FC46 /* avatar02@2x.png */ = {isa = PBXFileReference; lastKnownFileType = image.png; path = "avatar02@2x.png"; sourceTree = "<group>"; };
		96AD3FBF1BA035A500E4FC46 /* image_bg.png */ = {isa = PBXFileReference; lastKnownFileType = image.png; path = image_bg.png; sourceTree = "<group>"; };
		96AD3FC01BA035A500E4FC46 /* image_bg@2x.png */ = {isa = PBXFileReference; lastKnownFileType = image.png; path = "image_bg@2x.png"; sourceTree = "<group>"; };
		96AD3FC51BA0361500E4FC46 /* LDadd_to_cart_button.png */ = {isa = PBXFileReference; lastKnownFileType = image.png; path = LDadd_to_cart_button.png; sourceTree = "<group>"; };
		96AD3FC61BA0361500E4FC46 /* LDadd_to_cart_button@2x.png */ = {isa = PBXFileReference; lastKnownFileType = image.png; path = "LDadd_to_cart_button@2x.png"; sourceTree = "<group>"; };
		96AD3FC71BA0361500E4FC46 /* LDback_button.png */ = {isa = PBXFileReference; lastKnownFileType = image.png; path = LDback_button.png; sourceTree = "<group>"; };
		96AD3FC81BA0361500E4FC46 /* LDback_button@2x.png */ = {isa = PBXFileReference; lastKnownFileType = image.png; path = "LDback_button@2x.png"; sourceTree = "<group>"; };
		96AD3FCE1BA0497500E4FC46 /* ProductListingDetailViewController.h */ = {isa = PBXFileReference; fileEncoding = 4; lastKnownFileType = sourcecode.c.h; path = ProductListingDetailViewController.h; sourceTree = "<group>"; };
		96AD3FCF1BA0497500E4FC46 /* ProductListingDetailViewController.m */ = {isa = PBXFileReference; fileEncoding = 4; lastKnownFileType = sourcecode.c.objc; path = ProductListingDetailViewController.m; sourceTree = "<group>"; };
		96AD3FD21BA0576800E4FC46 /* 12 Cart.jpg */ = {isa = PBXFileReference; lastKnownFileType = image.jpeg; path = "12 Cart.jpg"; sourceTree = "<group>"; };
		96AD3FD31BA0576800E4FC46 /* add_icon.png */ = {isa = PBXFileReference; lastKnownFileType = image.png; path = add_icon.png; sourceTree = "<group>"; };
		96AD3FD41BA0576800E4FC46 /* add_icon@2x.png */ = {isa = PBXFileReference; lastKnownFileType = image.png; path = "add_icon@2x.png"; sourceTree = "<group>"; };
		96AD3FD51BA0576800E4FC46 /* cart_bg_list.png */ = {isa = PBXFileReference; lastKnownFileType = image.png; path = cart_bg_list.png; sourceTree = "<group>"; };
		96AD3FD61BA0576800E4FC46 /* cart_bg_list@2x.png */ = {isa = PBXFileReference; lastKnownFileType = image.png; path = "cart_bg_list@2x.png"; sourceTree = "<group>"; };
		96AD3FD71BA0576800E4FC46 /* checkout_button.png */ = {isa = PBXFileReference; lastKnownFileType = image.png; path = checkout_button.png; sourceTree = "<group>"; };
		96AD3FD81BA0576800E4FC46 /* checkout_button@2x.png */ = {isa = PBXFileReference; lastKnownFileType = image.png; path = "checkout_button@2x.png"; sourceTree = "<group>"; };
		96AD3FD91BA0576800E4FC46 /* close_icon.png */ = {isa = PBXFileReference; lastKnownFileType = image.png; path = close_icon.png; sourceTree = "<group>"; };
		96AD3FDA1BA0576800E4FC46 /* close_icon@2x.png */ = {isa = PBXFileReference; lastKnownFileType = image.png; path = "close_icon@2x.png"; sourceTree = "<group>"; };
		96AD3FDB1BA0576800E4FC46 /* quantity_inputbox.png */ = {isa = PBXFileReference; lastKnownFileType = image.png; path = quantity_inputbox.png; sourceTree = "<group>"; };
		96AD3FDC1BA0576800E4FC46 /* quantity_inputbox@2x.png */ = {isa = PBXFileReference; lastKnownFileType = image.png; path = "quantity_inputbox@2x.png"; sourceTree = "<group>"; };
		96AD3FDD1BA0576800E4FC46 /* remove_button.png */ = {isa = PBXFileReference; lastKnownFileType = image.png; path = remove_button.png; sourceTree = "<group>"; };
		96AD3FDE1BA0576800E4FC46 /* remove_button@2x.png */ = {isa = PBXFileReference; lastKnownFileType = image.png; path = "remove_button@2x.png"; sourceTree = "<group>"; };
		96AD3FDF1BA0576800E4FC46 /* subtrach_icon.png */ = {isa = PBXFileReference; lastKnownFileType = image.png; path = subtrach_icon.png; sourceTree = "<group>"; };
		96AD3FE01BA0576800E4FC46 /* subtrach_icon@2x.png */ = {isa = PBXFileReference; lastKnownFileType = image.png; path = "subtrach_icon@2x.png"; sourceTree = "<group>"; };
		96AD3FF01BA06AC000E4FC46 /* CartViewController.h */ = {isa = PBXFileReference; fileEncoding = 4; lastKnownFileType = sourcecode.c.h; path = CartViewController.h; sourceTree = "<group>"; };
		96AD3FF11BA06AC000E4FC46 /* CartViewController.m */ = {isa = PBXFileReference; fileEncoding = 4; lastKnownFileType = sourcecode.c.objc; path = CartViewController.m; sourceTree = "<group>"; };
		96AD3FF41BA06AE100E4FC46 /* CartTableViewCell.h */ = {isa = PBXFileReference; fileEncoding = 4; lastKnownFileType = sourcecode.c.h; path = CartTableViewCell.h; sourceTree = "<group>"; };
		96AD3FF51BA06AE100E4FC46 /* CartTableViewCell.m */ = {isa = PBXFileReference; fileEncoding = 4; lastKnownFileType = sourcecode.c.objc; path = CartTableViewCell.m; sourceTree = "<group>"; };
		96EEBED61B9FFFC100816E1D /* avatar01.png */ = {isa = PBXFileReference; lastKnownFileType = image.png; path = avatar01.png; sourceTree = "<group>"; };
		96EEBED81BA0000600816E1D /* 06 Listing.jpg */ = {isa = PBXFileReference; lastKnownFileType = image.jpeg; path = "06 Listing.jpg"; sourceTree = "<group>"; };
		96EEBED91BA0000600816E1D /* avatar01@2x.png */ = {isa = PBXFileReference; lastKnownFileType = image.png; path = "avatar01@2x.png"; sourceTree = "<group>"; };
		96EEBEDA1BA0000600816E1D /* avatar01@3x.png */ = {isa = PBXFileReference; lastKnownFileType = image.png; path = "avatar01@3x.png"; sourceTree = "<group>"; };
		96EEBEDB1BA0000600816E1D /* bg_middle_title.png */ = {isa = PBXFileReference; lastKnownFileType = image.png; path = bg_middle_title.png; sourceTree = "<group>"; };
		96EEBEDC1BA0000600816E1D /* bg_middle_title@2x.png */ = {isa = PBXFileReference; lastKnownFileType = image.png; path = "bg_middle_title@2x.png"; sourceTree = "<group>"; };
		96EEBEDD1BA0000600816E1D /* bg_middle_title@3x.png */ = {isa = PBXFileReference; lastKnownFileType = image.png; path = "bg_middle_title@3x.png"; sourceTree = "<group>"; };
		96EEBEDE1BA0000600816E1D /* cart_add_icon.png */ = {isa = PBXFileReference; lastKnownFileType = image.png; path = cart_add_icon.png; sourceTree = "<group>"; };
		96EEBEDF1BA0000600816E1D /* cart_add_icon@2x.png */ = {isa = PBXFileReference; lastKnownFileType = image.png; path = "cart_add_icon@2x.png"; sourceTree = "<group>"; };
		96EEBEE01BA0000600816E1D /* cart_add_icon@3x.png */ = {isa = PBXFileReference; lastKnownFileType = image.png; path = "cart_add_icon@3x.png"; sourceTree = "<group>"; };
		96EEBEE11BA0000600816E1D /* cart_icon.png */ = {isa = PBXFileReference; lastKnownFileType = image.png; path = cart_icon.png; sourceTree = "<group>"; };
		96EEBEE21BA0000600816E1D /* cart_icon@2x.png */ = {isa = PBXFileReference; lastKnownFileType = image.png; path = "cart_icon@2x.png"; sourceTree = "<group>"; };
		96EEBEE31BA0000600816E1D /* cart_icon@3x.png */ = {isa = PBXFileReference; lastKnownFileType = image.png; path = "cart_icon@3x.png"; sourceTree = "<group>"; };
		96EEBEE41BA0000600816E1D /* cart_icon02.png */ = {isa = PBXFileReference; lastKnownFileType = image.png; path = cart_icon02.png; sourceTree = "<group>"; };
		96EEBEE51BA0000600816E1D /* cart_icon02@2x.png */ = {isa = PBXFileReference; lastKnownFileType = image.png; path = "cart_icon02@2x.png"; sourceTree = "<group>"; };
		96EEBEE61BA0000600816E1D /* cart_icon02@3x.png */ = {isa = PBXFileReference; lastKnownFileType = image.png; path = "cart_icon02@3x.png"; sourceTree = "<group>"; };
		96EEBEE71BA0000600816E1D /* fav_icon.png */ = {isa = PBXFileReference; lastKnownFileType = image.png; path = fav_icon.png; sourceTree = "<group>"; };
		96EEBEE81BA0000600816E1D /* fav_icon@2x.png */ = {isa = PBXFileReference; lastKnownFileType = image.png; path = "fav_icon@2x.png"; sourceTree = "<group>"; };
		96EEBEE91BA0000600816E1D /* fav_icon@3x.png */ = {isa = PBXFileReference; lastKnownFileType = image.png; path = "fav_icon@3x.png"; sourceTree = "<group>"; };
		96EEBEEA1BA0000600816E1D /* filter_button.png */ = {isa = PBXFileReference; lastKnownFileType = image.png; path = filter_button.png; sourceTree = "<group>"; };
		96EEBEEB1BA0000600816E1D /* filter_button@2x.png */ = {isa = PBXFileReference; lastKnownFileType = image.png; path = "filter_button@2x.png"; sourceTree = "<group>"; };
		96EEBEEC1BA0000600816E1D /* filter_button@3x.png */ = {isa = PBXFileReference; lastKnownFileType = image.png; path = "filter_button@3x.png"; sourceTree = "<group>"; };
		96EEBEED1BA0000600816E1D /* header_logo.png */ = {isa = PBXFileReference; lastKnownFileType = image.png; path = header_logo.png; sourceTree = "<group>"; };
		96EEBEEE1BA0000600816E1D /* header_logo@2x.png */ = {isa = PBXFileReference; lastKnownFileType = image.png; path = "header_logo@2x.png"; sourceTree = "<group>"; };
		96EEBEEF1BA0000600816E1D /* header_logo@3x.png */ = {isa = PBXFileReference; lastKnownFileType = image.png; path = "header_logo@3x.png"; sourceTree = "<group>"; };
		96EEBEF01BA0000600816E1D /* menu_image.png */ = {isa = PBXFileReference; lastKnownFileType = image.png; path = menu_image.png; sourceTree = "<group>"; };
		96EEBEF11BA0000600816E1D /* menu_image@2x.png */ = {isa = PBXFileReference; lastKnownFileType = image.png; path = "menu_image@2x.png"; sourceTree = "<group>"; };
		96EEBEF21BA0000600816E1D /* menu_image@3x.png */ = {isa = PBXFileReference; lastKnownFileType = image.png; path = "menu_image@3x.png"; sourceTree = "<group>"; };
		96EEBEF31BA0000600816E1D /* message_icon.png */ = {isa = PBXFileReference; lastKnownFileType = image.png; path = message_icon.png; sourceTree = "<group>"; };
		96EEBEF41BA0000600816E1D /* message_icon@2x.png */ = {isa = PBXFileReference; lastKnownFileType = image.png; path = "message_icon@2x.png"; sourceTree = "<group>"; };
		96EEBEF51BA0000600816E1D /* message_icon@3x.png */ = {isa = PBXFileReference; lastKnownFileType = image.png; path = "message_icon@3x.png"; sourceTree = "<group>"; };
		96EEBEF61BA0000600816E1D /* serach_icon.png */ = {isa = PBXFileReference; lastKnownFileType = image.png; path = serach_icon.png; sourceTree = "<group>"; };
		96EEBEF71BA0000600816E1D /* serach_icon@2x.png */ = {isa = PBXFileReference; lastKnownFileType = image.png; path = "serach_icon@2x.png"; sourceTree = "<group>"; };
		96EEBEF81BA0000600816E1D /* serach_icon@3x.png */ = {isa = PBXFileReference; lastKnownFileType = image.png; path = "serach_icon@3x.png"; sourceTree = "<group>"; };
		96EEBEF91BA0000600816E1D /* share_icon.png */ = {isa = PBXFileReference; lastKnownFileType = image.png; path = share_icon.png; sourceTree = "<group>"; };
		96EEBEFA1BA0000600816E1D /* share_icon@2x.png */ = {isa = PBXFileReference; lastKnownFileType = image.png; path = "share_icon@2x.png"; sourceTree = "<group>"; };
		96EEBEFB1BA0000600816E1D /* share_icon@3x.png */ = {isa = PBXFileReference; lastKnownFileType = image.png; path = "share_icon@3x.png"; sourceTree = "<group>"; };
		96EEBF201BA0010000816E1D /* ProductListingTableViewCell.h */ = {isa = PBXFileReference; fileEncoding = 4; lastKnownFileType = sourcecode.c.h; path = ProductListingTableViewCell.h; sourceTree = "<group>"; };
		96EEBF211BA0010000816E1D /* ProductListingTableViewCell.m */ = {isa = PBXFileReference; fileEncoding = 4; lastKnownFileType = sourcecode.c.objc; path = ProductListingTableViewCell.m; sourceTree = "<group>"; };
		96EEBF221BA0010000816E1D /* ProductListingViewController.h */ = {isa = PBXFileReference; fileEncoding = 4; lastKnownFileType = sourcecode.c.h; path = ProductListingViewController.h; sourceTree = "<group>"; };
		96EEBF231BA0010000816E1D /* ProductListingViewController.m */ = {isa = PBXFileReference; fileEncoding = 4; lastKnownFileType = sourcecode.c.objc; path = ProductListingViewController.m; sourceTree = "<group>"; };
		96EEBF261BA002C200816E1D /* skater.jpg */ = {isa = PBXFileReference; lastKnownFileType = image.jpeg; path = skater.jpg; sourceTree = "<group>"; };
		96EEBF281BA0034500816E1D /* search_input.png */ = {isa = PBXFileReference; lastKnownFileType = image.png; path = search_input.png; sourceTree = "<group>"; };
		96EEBF291BA0034500816E1D /* search_input@2x.png */ = {isa = PBXFileReference; lastKnownFileType = image.png; path = "search_input@2x.png"; sourceTree = "<group>"; };
		96EEBF2A1BA0034500816E1D /* search_input@3x.png */ = {isa = PBXFileReference; lastKnownFileType = image.png; path = "search_input@3x.png"; sourceTree = "<group>"; };
		B076FEC01B9EE357002C9154 /* FacebookSDK.framework */ = {isa = PBXFileReference; lastKnownFileType = wrapper.framework; path = FacebookSDK.framework; sourceTree = "<group>"; };
		B076FEC81B9EE6A4002C9154 /* default.png */ = {isa = PBXFileReference; lastKnownFileType = image.png; path = default.png; sourceTree = "<group>"; };
		B076FEC91B9EE6A4002C9154 /* default@2x.png */ = {isa = PBXFileReference; lastKnownFileType = image.png; path = "default@2x.png"; sourceTree = "<group>"; };
		B076FECD1B9EE6FF002C9154 /* 02 Welcome.jpg */ = {isa = PBXFileReference; lastKnownFileType = image.jpeg; path = "02 Welcome.jpg"; sourceTree = "<group>"; };
		B076FECE1B9EE6FF002C9154 /* facebook_button.png */ = {isa = PBXFileReference; lastKnownFileType = image.png; path = facebook_button.png; sourceTree = "<group>"; };
		B076FED01B9EE6FF002C9154 /* login_with_email.png */ = {isa = PBXFileReference; lastKnownFileType = image.png; path = login_with_email.png; sourceTree = "<group>"; };
		B076FED21B9EE6FF002C9154 /* sign_up_button.png */ = {isa = PBXFileReference; lastKnownFileType = image.png; path = sign_up_button.png; sourceTree = "<group>"; };
		B076FED41B9EE6FF002C9154 /* welcome_bg_image.png */ = {isa = PBXFileReference; lastKnownFileType = image.png; path = welcome_bg_image.png; sourceTree = "<group>"; };
		B076FED61B9EE6FF002C9154 /* welcome_logo.png */ = {isa = PBXFileReference; lastKnownFileType = image.png; path = welcome_logo.png; sourceTree = "<group>"; };
		B076FEE41B9EE959002C9154 /* SignUpViewController.h */ = {isa = PBXFileReference; fileEncoding = 4; lastKnownFileType = sourcecode.c.h; path = SignUpViewController.h; sourceTree = "<group>"; };
		B076FEE51B9EE959002C9154 /* SignUpViewController.m */ = {isa = PBXFileReference; fileEncoding = 4; lastKnownFileType = sourcecode.c.objc; path = SignUpViewController.m; sourceTree = "<group>"; };
		B076FEE81B9EE96F002C9154 /* LoginViewController.h */ = {isa = PBXFileReference; fileEncoding = 4; lastKnownFileType = sourcecode.c.h; path = LoginViewController.h; sourceTree = "<group>"; };
		B076FEE91B9EE96F002C9154 /* LoginViewController.m */ = {isa = PBXFileReference; fileEncoding = 4; lastKnownFileType = sourcecode.c.objc; path = LoginViewController.m; sourceTree = "<group>"; };
		B076FEEC1B9EE9F0002C9154 /* SlideViewController.h */ = {isa = PBXFileReference; fileEncoding = 4; lastKnownFileType = sourcecode.c.h; path = SlideViewController.h; sourceTree = "<group>"; };
		B076FEED1B9EE9F0002C9154 /* SlideViewController.m */ = {isa = PBXFileReference; fileEncoding = 4; lastKnownFileType = sourcecode.c.objc; path = SlideViewController.m; sourceTree = "<group>"; };
		B076FEEE1B9EE9F0002C9154 /* SlideViewController.xib */ = {isa = PBXFileReference; fileEncoding = 4; lastKnownFileType = file.xib; path = SlideViewController.xib; sourceTree = "<group>"; };
		B076FEF21B9EEA0F002C9154 /* NVSlideMenuController.h */ = {isa = PBXFileReference; fileEncoding = 4; lastKnownFileType = sourcecode.c.h; path = NVSlideMenuController.h; sourceTree = "<group>"; };
		B076FEF31B9EEA0F002C9154 /* NVSlideMenuController.m */ = {isa = PBXFileReference; fileEncoding = 4; lastKnownFileType = sourcecode.c.objc; path = NVSlideMenuController.m; sourceTree = "<group>"; };
		B076FEF41B9EEA0F002C9154 /* Reachability.h */ = {isa = PBXFileReference; fileEncoding = 4; lastKnownFileType = sourcecode.c.h; path = Reachability.h; sourceTree = "<group>"; };
		B076FEF51B9EEA0F002C9154 /* Reachability.m */ = {isa = PBXFileReference; fileEncoding = 4; lastKnownFileType = sourcecode.c.objc; path = Reachability.m; sourceTree = "<group>"; };
		B076FEF81B9EF018002C9154 /* facebook_button@2x.png */ = {isa = PBXFileReference; lastKnownFileType = image.png; path = "facebook_button@2x.png"; sourceTree = "<group>"; };
		B076FEF91B9EF018002C9154 /* login_with_email@2x.png */ = {isa = PBXFileReference; lastKnownFileType = image.png; path = "login_with_email@2x.png"; sourceTree = "<group>"; };
		B076FEFA1B9EF018002C9154 /* sign_up_button@2x.png */ = {isa = PBXFileReference; lastKnownFileType = image.png; path = "sign_up_button@2x.png"; sourceTree = "<group>"; };
		B076FEFB1B9EF018002C9154 /* welcome_bg_image@2x.png */ = {isa = PBXFileReference; lastKnownFileType = image.png; path = "welcome_bg_image@2x.png"; sourceTree = "<group>"; };
		B076FEFC1B9EF018002C9154 /* welcome_logo@2x.png */ = {isa = PBXFileReference; lastKnownFileType = image.png; path = "welcome_logo@2x.png"; sourceTree = "<group>"; };
		B076FF021B9EF02A002C9154 /* facebook_button@3x.png */ = {isa = PBXFileReference; lastKnownFileType = image.png; path = "facebook_button@3x.png"; sourceTree = "<group>"; };
		B076FF031B9EF02A002C9154 /* login_with_email@3x.png */ = {isa = PBXFileReference; lastKnownFileType = image.png; path = "login_with_email@3x.png"; sourceTree = "<group>"; };
		B076FF041B9EF02A002C9154 /* sign_up_button@3x.png */ = {isa = PBXFileReference; lastKnownFileType = image.png; path = "sign_up_button@3x.png"; sourceTree = "<group>"; };
		B076FF051B9EF02A002C9154 /* welcome_bg_image@3x.png */ = {isa = PBXFileReference; lastKnownFileType = image.png; path = "welcome_bg_image@3x.png"; sourceTree = "<group>"; };
		B076FF061B9EF02A002C9154 /* welcome_logo@3x.png */ = {isa = PBXFileReference; lastKnownFileType = image.png; path = "welcome_logo@3x.png"; sourceTree = "<group>"; };
		B076FF0D1B9EF088002C9154 /* back_arow.png */ = {isa = PBXFileReference; lastKnownFileType = image.png; path = back_arow.png; sourceTree = "<group>"; };
		B076FF0E1B9EF088002C9154 /* back_button.png */ = {isa = PBXFileReference; lastKnownFileType = image.png; path = back_button.png; sourceTree = "<group>"; };
		B076FF0F1B9EF088002C9154 /* create_button.png */ = {isa = PBXFileReference; lastKnownFileType = image.png; path = create_button.png; sourceTree = "<group>"; };
		B076FF101B9EF088002C9154 /* input_box.png */ = {isa = PBXFileReference; lastKnownFileType = image.png; path = input_box.png; sourceTree = "<group>"; };
		B076FF111B9EF088002C9154 /* login_button.png */ = {isa = PBXFileReference; lastKnownFileType = image.png; path = login_button.png; sourceTree = "<group>"; };
		B076FF121B9EF088002C9154 /* login_main_bg.png */ = {isa = PBXFileReference; lastKnownFileType = image.png; path = login_main_bg.png; sourceTree = "<group>"; };
		B076FF191B9EF09A002C9154 /* back_arow@2x.png */ = {isa = PBXFileReference; lastKnownFileType = image.png; path = "back_arow@2x.png"; sourceTree = "<group>"; };
		B076FF1A1B9EF09A002C9154 /* back_button@2x.png */ = {isa = PBXFileReference; lastKnownFileType = image.png; path = "back_button@2x.png"; sourceTree = "<group>"; };
		B076FF1B1B9EF09A002C9154 /* create_button@2x.png */ = {isa = PBXFileReference; lastKnownFileType = image.png; path = "create_button@2x.png"; sourceTree = "<group>"; };
		B076FF1C1B9EF09A002C9154 /* input_box@2x.png */ = {isa = PBXFileReference; lastKnownFileType = image.png; path = "input_box@2x.png"; sourceTree = "<group>"; };
		B076FF1D1B9EF09A002C9154 /* login_button@2x.png */ = {isa = PBXFileReference; lastKnownFileType = image.png; path = "login_button@2x.png"; sourceTree = "<group>"; };
		B076FF1E1B9EF09A002C9154 /* login_main_bg@2x.png */ = {isa = PBXFileReference; lastKnownFileType = image.png; path = "login_main_bg@2x.png"; sourceTree = "<group>"; };
		B076FF251B9EF0B5002C9154 /* back_arow@3x.png */ = {isa = PBXFileReference; lastKnownFileType = image.png; path = "back_arow@3x.png"; sourceTree = "<group>"; };
		B076FF261B9EF0B5002C9154 /* back_button@3x.png */ = {isa = PBXFileReference; lastKnownFileType = image.png; path = "back_button@3x.png"; sourceTree = "<group>"; };
		B076FF271B9EF0B5002C9154 /* create_button@3x.png */ = {isa = PBXFileReference; lastKnownFileType = image.png; path = "create_button@3x.png"; sourceTree = "<group>"; };
		B076FF281B9EF0B5002C9154 /* input_box@3x.png */ = {isa = PBXFileReference; lastKnownFileType = image.png; path = "input_box@3x.png"; sourceTree = "<group>"; };
		B076FF291B9EF0B5002C9154 /* login_button@3x.png */ = {isa = PBXFileReference; lastKnownFileType = image.png; path = "login_button@3x.png"; sourceTree = "<group>"; };
		B076FF301B9EF81C002C9154 /* fb_sign_up_button.png */ = {isa = PBXFileReference; lastKnownFileType = image.png; path = fb_sign_up_button.png; sourceTree = "<group>"; };
		B076FF321B9EF823002C9154 /* finish_button.png */ = {isa = PBXFileReference; lastKnownFileType = image.png; path = finish_button.png; sourceTree = "<group>"; };
		B076FF341B9EF8B7002C9154 /* sign_up_bg.png */ = {isa = PBXFileReference; lastKnownFileType = image.png; path = sign_up_bg.png; sourceTree = "<group>"; };
		B076FF361B9EF8D2002C9154 /* fb_sign_up_button@2x.png */ = {isa = PBXFileReference; lastKnownFileType = image.png; path = "fb_sign_up_button@2x.png"; sourceTree = "<group>"; };
		B076FF371B9EF8D2002C9154 /* finish_button@2x.png */ = {isa = PBXFileReference; lastKnownFileType = image.png; path = "finish_button@2x.png"; sourceTree = "<group>"; };
		B076FF381B9EF8D2002C9154 /* sign_up_bg@2x.png */ = {isa = PBXFileReference; lastKnownFileType = image.png; path = "sign_up_bg@2x.png"; sourceTree = "<group>"; };
		B076FF3C1B9EF8E6002C9154 /* fb_sign_up_button@3x.png */ = {isa = PBXFileReference; lastKnownFileType = image.png; path = "fb_sign_up_button@3x.png"; sourceTree = "<group>"; };
		B076FF3D1B9EF8E6002C9154 /* finish_button@3x.png */ = {isa = PBXFileReference; lastKnownFileType = image.png; path = "finish_button@3x.png"; sourceTree = "<group>"; };
		B076FF3E1B9EF8E6002C9154 /* sign_up_bg@3x.png */ = {isa = PBXFileReference; lastKnownFileType = image.png; path = "sign_up_bg@3x.png"; sourceTree = "<group>"; };
		B076FF421B9EF8EF002C9154 /* default@3x.png */ = {isa = PBXFileReference; lastKnownFileType = image.png; path = "default@3x.png"; sourceTree = "<group>"; };
		B0F603091B9D4EAC00033580 /* Minifm.app */ = {isa = PBXFileReference; explicitFileType = wrapper.application; includeInIndex = 0; path = Minifm.app; sourceTree = BUILT_PRODUCTS_DIR; };
		B0F6030D1B9D4EAC00033580 /* Info.plist */ = {isa = PBXFileReference; lastKnownFileType = text.plist.xml; path = Info.plist; sourceTree = "<group>"; };
		B0F6030E1B9D4EAC00033580 /* main.m */ = {isa = PBXFileReference; lastKnownFileType = sourcecode.c.objc; path = main.m; sourceTree = "<group>"; };
		B0F603101B9D4EAC00033580 /* AppDelegate.h */ = {isa = PBXFileReference; lastKnownFileType = sourcecode.c.h; path = AppDelegate.h; sourceTree = "<group>"; };
		B0F603111B9D4EAC00033580 /* AppDelegate.m */ = {isa = PBXFileReference; lastKnownFileType = sourcecode.c.objc; path = AppDelegate.m; sourceTree = "<group>"; };
		B0F603131B9D4EAC00033580 /* ViewController.h */ = {isa = PBXFileReference; lastKnownFileType = sourcecode.c.h; path = ViewController.h; sourceTree = "<group>"; };
		B0F603141B9D4EAC00033580 /* ViewController.m */ = {isa = PBXFileReference; lastKnownFileType = sourcecode.c.objc; path = ViewController.m; sourceTree = "<group>"; };
		B0F603171B9D4EAC00033580 /* Base */ = {isa = PBXFileReference; lastKnownFileType = file.storyboard; name = Base; path = Base.lproj/Main.storyboard; sourceTree = "<group>"; };
		B0F603191B9D4EAC00033580 /* Images.xcassets */ = {isa = PBXFileReference; lastKnownFileType = folder.assetcatalog; path = Images.xcassets; sourceTree = "<group>"; };
		B0F6031C1B9D4EAC00033580 /* Base */ = {isa = PBXFileReference; lastKnownFileType = file.xib; name = Base; path = Base.lproj/LaunchScreen.xib; sourceTree = "<group>"; };
		B0F603221B9D4EAC00033580 /* MinifmTests.xctest */ = {isa = PBXFileReference; explicitFileType = wrapper.cfbundle; includeInIndex = 0; path = MinifmTests.xctest; sourceTree = BUILT_PRODUCTS_DIR; };
		B0F603271B9D4EAC00033580 /* Info.plist */ = {isa = PBXFileReference; lastKnownFileType = text.plist.xml; path = Info.plist; sourceTree = "<group>"; };
		B0F603281B9D4EAC00033580 /* MinifmTests.m */ = {isa = PBXFileReference; lastKnownFileType = sourcecode.c.objc; path = MinifmTests.m; sourceTree = "<group>"; };
/* End PBXFileReference section */

/* Begin PBXFrameworksBuildPhase section */
		B0F603061B9D4EAC00033580 /* Frameworks */ = {
			isa = PBXFrameworksBuildPhase;
			buildActionMask = 2147483647;
			files = (
				B076FEC11B9EE357002C9154 /* FacebookSDK.framework in Frameworks */,
			);
			runOnlyForDeploymentPostprocessing = 0;
		};
		B0F6031F1B9D4EAC00033580 /* Frameworks */ = {
			isa = PBXFrameworksBuildPhase;
			buildActionMask = 2147483647;
			files = (
			);
			runOnlyForDeploymentPostprocessing = 0;
		};
/* End PBXFrameworksBuildPhase section */

/* Begin PBXGroup section */
		96AD3FCD1BA0494100E4FC46 /* Listing Detail */ = {
			isa = PBXGroup;
			children = (
				96AD3FCE1BA0497500E4FC46 /* ProductListingDetailViewController.h */,
				96AD3FCF1BA0497500E4FC46 /* ProductListingDetailViewController.m */,
			);
			name = "Listing Detail";
			sourceTree = "<group>";
		};
		96AD3FD11BA0574400E4FC46 /* Cart */ = {
			isa = PBXGroup;
			children = (
				96AD3FD21BA0576800E4FC46 /* 12 Cart.jpg */,
				96AD3FD31BA0576800E4FC46 /* add_icon.png */,
				96AD3FD41BA0576800E4FC46 /* add_icon@2x.png */,
				96AD3FD51BA0576800E4FC46 /* cart_bg_list.png */,
				96AD3FD61BA0576800E4FC46 /* cart_bg_list@2x.png */,
				96AD3FD71BA0576800E4FC46 /* checkout_button.png */,
				96AD3FD81BA0576800E4FC46 /* checkout_button@2x.png */,
				96AD3FD91BA0576800E4FC46 /* close_icon.png */,
				96AD3FDA1BA0576800E4FC46 /* close_icon@2x.png */,
				96AD3FDB1BA0576800E4FC46 /* quantity_inputbox.png */,
				96AD3FDC1BA0576800E4FC46 /* quantity_inputbox@2x.png */,
				96AD3FDD1BA0576800E4FC46 /* remove_button.png */,
				96AD3FDE1BA0576800E4FC46 /* remove_button@2x.png */,
				96AD3FDF1BA0576800E4FC46 /* subtrach_icon.png */,
				96AD3FE01BA0576800E4FC46 /* subtrach_icon@2x.png */,
			);
			name = Cart;
			sourceTree = "<group>";
		};
		96AD3FF31BA06AC600E4FC46 /* Cart */ = {
			isa = PBXGroup;
			children = (
				96AD3FF01BA06AC000E4FC46 /* CartViewController.h */,
				96AD3FF11BA06AC000E4FC46 /* CartViewController.m */,
				96AD3FF41BA06AE100E4FC46 /* CartTableViewCell.h */,
				96AD3FF51BA06AE100E4FC46 /* CartTableViewCell.m */,
			);
			name = Cart;
			sourceTree = "<group>";
		};
		96EEBED41B9FF7F200816E1D /* Listing */ = {
			isa = PBXGroup;
			children = (
				96EEBF221BA0010000816E1D /* ProductListingViewController.h */,
				96EEBF231BA0010000816E1D /* ProductListingViewController.m */,
				96EEBF201BA0010000816E1D /* ProductListingTableViewCell.h */,
				96EEBF211BA0010000816E1D /* ProductListingTableViewCell.m */,
			);
			name = Listing;
			sourceTree = "<group>";
		};
		96EEBED51B9FF8E800816E1D /* Listing */ = {
			isa = PBXGroup;
			children = (
				96EEBF261BA002C200816E1D /* skater.jpg */,
				96EEBED61B9FFFC100816E1D /* avatar01.png */,
				96EEBED81BA0000600816E1D /* 06 Listing.jpg */,
				96EEBED91BA0000600816E1D /* avatar01@2x.png */,
				96EEBEDA1BA0000600816E1D /* avatar01@3x.png */,
				96EEBEDB1BA0000600816E1D /* bg_middle_title.png */,
				96EEBEDC1BA0000600816E1D /* bg_middle_title@2x.png */,
				96EEBEDD1BA0000600816E1D /* bg_middle_title@3x.png */,
				96EEBEDE1BA0000600816E1D /* cart_add_icon.png */,
				96EEBEDF1BA0000600816E1D /* cart_add_icon@2x.png */,
				96EEBEE01BA0000600816E1D /* cart_add_icon@3x.png */,
				96EEBEE11BA0000600816E1D /* cart_icon.png */,
				96EEBEE21BA0000600816E1D /* cart_icon@2x.png */,
				96EEBEE31BA0000600816E1D /* cart_icon@3x.png */,
				96EEBEE41BA0000600816E1D /* cart_icon02.png */,
				96EEBEE51BA0000600816E1D /* cart_icon02@2x.png */,
				96EEBEE61BA0000600816E1D /* cart_icon02@3x.png */,
				96EEBEE71BA0000600816E1D /* fav_icon.png */,
				96EEBEE81BA0000600816E1D /* fav_icon@2x.png */,
				96EEBEE91BA0000600816E1D /* fav_icon@3x.png */,
				96EEBEEA1BA0000600816E1D /* filter_button.png */,
				96EEBEEB1BA0000600816E1D /* filter_button@2x.png */,
				96EEBEEC1BA0000600816E1D /* filter_button@3x.png */,
				96EEBEED1BA0000600816E1D /* header_logo.png */,
				96EEBF281BA0034500816E1D /* search_input.png */,
				96EEBF291BA0034500816E1D /* search_input@2x.png */,
				96EEBF2A1BA0034500816E1D /* search_input@3x.png */,
				96EEBEEE1BA0000600816E1D /* header_logo@2x.png */,
				96EEBEEF1BA0000600816E1D /* header_logo@3x.png */,
				96EEBEF01BA0000600816E1D /* menu_image.png */,
				96EEBEF11BA0000600816E1D /* menu_image@2x.png */,
				96EEBEF21BA0000600816E1D /* menu_image@3x.png */,
				96EEBEF31BA0000600816E1D /* message_icon.png */,
				96EEBEF41BA0000600816E1D /* message_icon@2x.png */,
				96EEBEF51BA0000600816E1D /* message_icon@3x.png */,
				96EEBEF61BA0000600816E1D /* serach_icon.png */,
				96EEBEF71BA0000600816E1D /* serach_icon@2x.png */,
				96EEBEF81BA0000600816E1D /* serach_icon@3x.png */,
				96EEBEF91BA0000600816E1D /* share_icon.png */,
				96EEBEFA1BA0000600816E1D /* share_icon@2x.png */,
				96EEBEFB1BA0000600816E1D /* share_icon@3x.png */,
			);
			name = Listing;
			sourceTree = "<group>";
		};
		96EEBF2E1BA0144600816E1D /* Listing Details */ = {
			isa = PBXGroup;
			children = (
				96AD3FC51BA0361500E4FC46 /* LDadd_to_cart_button.png */,
				96AD3FC61BA0361500E4FC46 /* LDadd_to_cart_button@2x.png */,
				96AD3FC71BA0361500E4FC46 /* LDback_button.png */,
				96AD3FC81BA0361500E4FC46 /* LDback_button@2x.png */,
				96AD3FBD1BA035A500E4FC46 /* avatar02.png */,
				96AD3FBE1BA035A500E4FC46 /* avatar02@2x.png */,
				96AD3FBF1BA035A500E4FC46 /* image_bg.png */,
				96AD3FC01BA035A500E4FC46 /* image_bg@2x.png */,
			);
			name = "Listing Details";
			sourceTree = "<group>";
		};
		B076FEC21B9EE42E002C9154 /* ViewControllers */ = {
			isa = PBXGroup;
			children = (
				96AD3FF31BA06AC600E4FC46 /* Cart */,
				96AD3FCD1BA0494100E4FC46 /* Listing Detail */,
				96EEBED41B9FF7F200816E1D /* Listing */,
				B076FEE71B9EE962002C9154 /* LoginView */,
				B076FEE31B9EE94A002C9154 /* Sign Up */,
				B076FEC31B9EE43B002C9154 /* DashBoard */,
			);
			name = ViewControllers;
			sourceTree = "<group>";
		};
		B076FEC31B9EE43B002C9154 /* DashBoard */ = {
			isa = PBXGroup;
			children = (
				B0F603131B9D4EAC00033580 /* ViewController.h */,
				B0F603141B9D4EAC00033580 /* ViewController.m */,
			);
			name = DashBoard;
			sourceTree = "<group>";
		};
		B076FEC61B9EE692002C9154 /* Images */ = {
			isa = PBXGroup;
			children = (
				96AD3FD11BA0574400E4FC46 /* Cart */,
				96EEBF2E1BA0144600816E1D /* Listing Details */,
				96EEBED51B9FF8E800816E1D /* Listing */,
				B076FF2F1B9EF751002C9154 /* 04 Sign Up */,
				B076FF0C1B9EF05A002C9154 /* 03 Login */,
				B076FECC1B9EE6F0002C9154 /* Welcome */,
				B076FEC71B9EE699002C9154 /* Splash */,
			);
			name = Images;
			sourceTree = "<group>";
		};
		B076FEC71B9EE699002C9154 /* Splash */ = {
			isa = PBXGroup;
			children = (
				B076FF421B9EF8EF002C9154 /* default@3x.png */,
				B076FEC81B9EE6A4002C9154 /* default.png */,
				B076FEC91B9EE6A4002C9154 /* default@2x.png */,
			);
			name = Splash;
			sourceTree = "<group>";
		};
		B076FECC1B9EE6F0002C9154 /* Welcome */ = {
			isa = PBXGroup;
			children = (
				B076FECD1B9EE6FF002C9154 /* 02 Welcome.jpg */,
				B076FEF81B9EF018002C9154 /* facebook_button@2x.png */,
				B076FEF91B9EF018002C9154 /* login_with_email@2x.png */,
				B076FEFA1B9EF018002C9154 /* sign_up_button@2x.png */,
				B076FEFB1B9EF018002C9154 /* welcome_bg_image@2x.png */,
				B076FEFC1B9EF018002C9154 /* welcome_logo@2x.png */,
				B076FECE1B9EE6FF002C9154 /* facebook_button.png */,
				B076FED01B9EE6FF002C9154 /* login_with_email.png */,
				B076FED21B9EE6FF002C9154 /* sign_up_button.png */,
				B076FED41B9EE6FF002C9154 /* welcome_bg_image.png */,
				B076FED61B9EE6FF002C9154 /* welcome_logo.png */,
				B076FF021B9EF02A002C9154 /* facebook_button@3x.png */,
				B076FF031B9EF02A002C9154 /* login_with_email@3x.png */,
				B076FF041B9EF02A002C9154 /* sign_up_button@3x.png */,
				B076FF051B9EF02A002C9154 /* welcome_bg_image@3x.png */,
				B076FF061B9EF02A002C9154 /* welcome_logo@3x.png */,
			);
			name = Welcome;
			sourceTree = "<group>";
		};
		B076FEE31B9EE94A002C9154 /* Sign Up */ = {
			isa = PBXGroup;
			children = (
				B076FEE41B9EE959002C9154 /* SignUpViewController.h */,
				B076FEE51B9EE959002C9154 /* SignUpViewController.m */,
			);
			name = "Sign Up";
			sourceTree = "<group>";
		};
		B076FEE71B9EE962002C9154 /* LoginView */ = {
			isa = PBXGroup;
			children = (
				B076FEE81B9EE96F002C9154 /* LoginViewController.h */,
				B076FEE91B9EE96F002C9154 /* LoginViewController.m */,
			);
			name = LoginView;
			sourceTree = "<group>";
		};
		B076FEEB1B9EE9DD002C9154 /* Slide View */ = {
			isa = PBXGroup;
			children = (
				B076FEEC1B9EE9F0002C9154 /* SlideViewController.h */,
				B076FEED1B9EE9F0002C9154 /* SlideViewController.m */,
				B076FEEE1B9EE9F0002C9154 /* SlideViewController.xib */,
			);
			name = "Slide View";
			sourceTree = "<group>";
		};
		B076FEF11B9EEA00002C9154 /* Custome Class */ = {
			isa = PBXGroup;
			children = (
				B076FEF21B9EEA0F002C9154 /* NVSlideMenuController.h */,
				B076FEF31B9EEA0F002C9154 /* NVSlideMenuController.m */,
				B076FEF41B9EEA0F002C9154 /* Reachability.h */,
				B076FEF51B9EEA0F002C9154 /* Reachability.m */,
			);
			name = "Custome Class";
			sourceTree = "<group>";
		};
		B076FF0C1B9EF05A002C9154 /* 03 Login */ = {
			isa = PBXGroup;
			children = (
				B076FF251B9EF0B5002C9154 /* back_arow@3x.png */,
				B076FF261B9EF0B5002C9154 /* back_button@3x.png */,
				B076FF271B9EF0B5002C9154 /* create_button@3x.png */,
				B076FF281B9EF0B5002C9154 /* input_box@3x.png */,
				B076FF291B9EF0B5002C9154 /* login_button@3x.png */,
				B076FF191B9EF09A002C9154 /* back_arow@2x.png */,
				B076FF1A1B9EF09A002C9154 /* back_button@2x.png */,
				B076FF1B1B9EF09A002C9154 /* create_button@2x.png */,
				B076FF1C1B9EF09A002C9154 /* input_box@2x.png */,
				B076FF1D1B9EF09A002C9154 /* login_button@2x.png */,
				B076FF1E1B9EF09A002C9154 /* login_main_bg@2x.png */,
				B076FF0D1B9EF088002C9154 /* back_arow.png */,
				B076FF0E1B9EF088002C9154 /* back_button.png */,
				B076FF0F1B9EF088002C9154 /* create_button.png */,
				B076FF101B9EF088002C9154 /* input_box.png */,
				B076FF111B9EF088002C9154 /* login_button.png */,
				B076FF121B9EF088002C9154 /* login_main_bg.png */,
			);
			name = "03 Login";
			sourceTree = "<group>";
		};
		B076FF2F1B9EF751002C9154 /* 04 Sign Up */ = {
			isa = PBXGroup;
			children = (
				B076FF301B9EF81C002C9154 /* fb_sign_up_button.png */,
				B076FF321B9EF823002C9154 /* finish_button.png */,
				B076FF341B9EF8B7002C9154 /* sign_up_bg.png */,
				B076FF361B9EF8D2002C9154 /* fb_sign_up_button@2x.png */,
				B076FF371B9EF8D2002C9154 /* finish_button@2x.png */,
				B076FF381B9EF8D2002C9154 /* sign_up_bg@2x.png */,
				B076FF3C1B9EF8E6002C9154 /* fb_sign_up_button@3x.png */,
				B076FF3D1B9EF8E6002C9154 /* finish_button@3x.png */,
				B076FF3E1B9EF8E6002C9154 /* sign_up_bg@3x.png */,
			);
			name = "04 Sign Up";
			sourceTree = "<group>";
		};
		B0F603001B9D4EAC00033580 = {
			isa = PBXGroup;
			children = (
				B0F6030B1B9D4EAC00033580 /* Minifm */,
				B0F603251B9D4EAC00033580 /* MinifmTests */,
				B0F6030A1B9D4EAC00033580 /* Products */,
			);
			sourceTree = "<group>";
		};
		B0F6030A1B9D4EAC00033580 /* Products */ = {
			isa = PBXGroup;
			children = (
				B0F603091B9D4EAC00033580 /* Minifm.app */,
				B0F603221B9D4EAC00033580 /* MinifmTests.xctest */,
			);
			name = Products;
			sourceTree = "<group>";
		};
		B0F6030B1B9D4EAC00033580 /* Minifm */ = {
			isa = PBXGroup;
			children = (
				B076FEF11B9EEA00002C9154 /* Custome Class */,
				B076FEEB1B9EE9DD002C9154 /* Slide View */,
				B076FEC21B9EE42E002C9154 /* ViewControllers */,
				B0F603161B9D4EAC00033580 /* Main.storyboard */,
				B0F603101B9D4EAC00033580 /* AppDelegate.h */,
				B0F603111B9D4EAC00033580 /* AppDelegate.m */,
				B0F603191B9D4EAC00033580 /* Images.xcassets */,
				B0F6031B1B9D4EAC00033580 /* LaunchScreen.xib */,
				B0F6030C1B9D4EAC00033580 /* Supporting Files */,
			);
			path = Minifm;
			sourceTree = "<group>";
		};
		B0F6030C1B9D4EAC00033580 /* Supporting Files */ = {
			isa = PBXGroup;
			children = (
				B076FEC61B9EE692002C9154 /* Images */,
				B076FEC01B9EE357002C9154 /* FacebookSDK.framework */,
				B0F6030D1B9D4EAC00033580 /* Info.plist */,
				B0F6030E1B9D4EAC00033580 /* main.m */,
			);
			name = "Supporting Files";
			sourceTree = "<group>";
		};
		B0F603251B9D4EAC00033580 /* MinifmTests */ = {
			isa = PBXGroup;
			children = (
				B0F603281B9D4EAC00033580 /* MinifmTests.m */,
				B0F603261B9D4EAC00033580 /* Supporting Files */,
			);
			path = MinifmTests;
			sourceTree = "<group>";
		};
		B0F603261B9D4EAC00033580 /* Supporting Files */ = {
			isa = PBXGroup;
			children = (
				B0F603271B9D4EAC00033580 /* Info.plist */,
			);
			name = "Supporting Files";
			sourceTree = "<group>";
		};
/* End PBXGroup section */

/* Begin PBXNativeTarget section */
		B0F603081B9D4EAC00033580 /* Minifm */ = {
			isa = PBXNativeTarget;
			buildConfigurationList = B0F6032C1B9D4EAC00033580 /* Build configuration list for PBXNativeTarget "Minifm" */;
			buildPhases = (
				B0F603051B9D4EAC00033580 /* Sources */,
				B0F603061B9D4EAC00033580 /* Frameworks */,
				B0F603071B9D4EAC00033580 /* Resources */,
			);
			buildRules = (
			);
			dependencies = (
			);
			name = Minifm;
			productName = Minifm;
			productReference = B0F603091B9D4EAC00033580 /* Minifm.app */;
			productType = "com.apple.product-type.application";
		};
		B0F603211B9D4EAC00033580 /* MinifmTests */ = {
			isa = PBXNativeTarget;
			buildConfigurationList = B0F6032F1B9D4EAC00033580 /* Build configuration list for PBXNativeTarget "MinifmTests" */;
			buildPhases = (
				B0F6031E1B9D4EAC00033580 /* Sources */,
				B0F6031F1B9D4EAC00033580 /* Frameworks */,
				B0F603201B9D4EAC00033580 /* Resources */,
			);
			buildRules = (
			);
			dependencies = (
				B0F603241B9D4EAC00033580 /* PBXTargetDependency */,
			);
			name = MinifmTests;
			productName = MinifmTests;
			productReference = B0F603221B9D4EAC00033580 /* MinifmTests.xctest */;
			productType = "com.apple.product-type.bundle.unit-test";
		};
/* End PBXNativeTarget section */

/* Begin PBXProject section */
		B0F603011B9D4EAC00033580 /* Project object */ = {
			isa = PBXProject;
			attributes = {
				LastUpgradeCheck = 0630;
				ORGANIZATIONNAME = Samosys;
				TargetAttributes = {
					B0F603081B9D4EAC00033580 = {
						CreatedOnToolsVersion = 6.3;
					};
					B0F603211B9D4EAC00033580 = {
						CreatedOnToolsVersion = 6.3;
						TestTargetID = B0F603081B9D4EAC00033580;
					};
				};
			};
			buildConfigurationList = B0F603041B9D4EAC00033580 /* Build configuration list for PBXProject "Minifm" */;
			compatibilityVersion = "Xcode 3.2";
			developmentRegion = English;
			hasScannedForEncodings = 0;
			knownRegions = (
				en,
				Base,
			);
			mainGroup = B0F603001B9D4EAC00033580;
			productRefGroup = B0F6030A1B9D4EAC00033580 /* Products */;
			projectDirPath = "";
			projectRoot = "";
			targets = (
				B0F603081B9D4EAC00033580 /* Minifm */,
				B0F603211B9D4EAC00033580 /* MinifmTests */,
			);
		};
/* End PBXProject section */

/* Begin PBXResourcesBuildPhase section */
		B0F603071B9D4EAC00033580 /* Resources */ = {
			isa = PBXResourcesBuildPhase;
			buildActionMask = 2147483647;
			files = (
				B076FF2B1B9EF0B5002C9154 /* back_button@3x.png in Resources */,
				B076FF3F1B9EF8E6002C9154 /* fb_sign_up_button@3x.png in Resources */,
				B0F603181B9D4EAC00033580 /* Main.storyboard in Resources */,
				96EEBF091BA0000600816E1D /* cart_icon02@2x.png in Resources */,
				96AD3FE41BA0576800E4FC46 /* cart_bg_list.png in Resources */,
				96EEBF0C1BA0000600816E1D /* fav_icon@2x.png in Resources */,
				96AD3FC11BA035A500E4FC46 /* avatar02.png in Resources */,
				96EEBED71B9FFFC100816E1D /* avatar01.png in Resources */,
				96AD3FEE1BA0576800E4FC46 /* subtrach_icon.png in Resources */,
				B076FF071B9EF02A002C9154 /* facebook_button@3x.png in Resources */,
				96EEBF0A1BA0000600816E1D /* cart_icon02@3x.png in Resources */,
				B076FF2A1B9EF0B5002C9154 /* back_arow@3x.png in Resources */,
				96AD3FCB1BA0361500E4FC46 /* LDback_button.png in Resources */,
				B076FF131B9EF088002C9154 /* back_arow.png in Resources */,
				B076FF401B9EF8E6002C9154 /* finish_button@3x.png in Resources */,
				96AD3FE31BA0576800E4FC46 /* add_icon@2x.png in Resources */,
				96EEBF161BA0000600816E1D /* menu_image@3x.png in Resources */,
				96EEBF1F1BA0000600816E1D /* share_icon@3x.png in Resources */,
				96EEBF001BA0000600816E1D /* bg_middle_title@2x.png in Resources */,
				96EEBEFD1BA0000600816E1D /* avatar01@2x.png in Resources */,
				96EEBF2C1BA0034500816E1D /* search_input@2x.png in Resources */,
				96EEBF141BA0000600816E1D /* menu_image.png in Resources */,
				B076FF431B9EF8EF002C9154 /* default@3x.png in Resources */,
				B076FEDF1B9EE6FF002C9154 /* welcome_bg_image.png in Resources */,
				96EEBF0B1BA0000600816E1D /* fav_icon.png in Resources */,
				96AD3FC31BA035A500E4FC46 /* image_bg.png in Resources */,
				B076FF161B9EF088002C9154 /* input_box.png in Resources */,
				B076FF221B9EF09A002C9154 /* input_box@2x.png in Resources */,
				96EEBF1E1BA0000600816E1D /* share_icon@2x.png in Resources */,
				96AD3FED1BA0576800E4FC46 /* remove_button@2x.png in Resources */,
				96EEBF0D1BA0000600816E1D /* fav_icon@3x.png in Resources */,
				96EEBF1C1BA0000600816E1D /* serach_icon@3x.png in Resources */,
				96EEBF2B1BA0034500816E1D /* search_input.png in Resources */,
				96EEBF111BA0000600816E1D /* header_logo.png in Resources */,
				B076FF201B9EF09A002C9154 /* back_button@2x.png in Resources */,
				B076FED81B9EE6FF002C9154 /* 02 Welcome.jpg in Resources */,
				B076FF151B9EF088002C9154 /* create_button.png in Resources */,
				B076FF391B9EF8D2002C9154 /* fb_sign_up_button@2x.png in Resources */,
				96EEBF081BA0000600816E1D /* cart_icon02.png in Resources */,
				B076FEFE1B9EF018002C9154 /* login_with_email@2x.png in Resources */,
				B076FF081B9EF02A002C9154 /* login_with_email@3x.png in Resources */,
				B076FF181B9EF088002C9154 /* login_main_bg.png in Resources */,
				96EEBEFC1BA0000600816E1D /* 06 Listing.jpg in Resources */,
				B076FF2D1B9EF0B5002C9154 /* input_box@3x.png in Resources */,
				B076FF241B9EF09A002C9154 /* login_main_bg@2x.png in Resources */,
				B076FF3A1B9EF8D2002C9154 /* finish_button@2x.png in Resources */,
				B076FEDB1B9EE6FF002C9154 /* login_with_email.png in Resources */,
				96EEBF0E1BA0000600816E1D /* filter_button.png in Resources */,
				B076FF0B1B9EF02A002C9154 /* welcome_logo@3x.png in Resources */,
				96EEBF271BA002C200816E1D /* skater.jpg in Resources */,
				B076FF351B9EF8B7002C9154 /* sign_up_bg.png in Resources */,
				96EEBF1A1BA0000600816E1D /* serach_icon.png in Resources */,
				B0F6031D1B9D4EAC00033580 /* LaunchScreen.xib in Resources */,
				B076FF3B1B9EF8D2002C9154 /* sign_up_bg@2x.png in Resources */,
				96EEBF051BA0000600816E1D /* cart_icon.png in Resources */,
				96EEBF061BA0000600816E1D /* cart_icon@2x.png in Resources */,
				96EEBF151BA0000600816E1D /* menu_image@2x.png in Resources */,
				B076FECB1B9EE6A4002C9154 /* default@2x.png in Resources */,
				B0F6031A1B9D4EAC00033580 /* Images.xcassets in Resources */,
				96AD3FE11BA0576800E4FC46 /* 12 Cart.jpg in Resources */,
				B076FEFD1B9EF018002C9154 /* facebook_button@2x.png in Resources */,
				96AD3FCA1BA0361500E4FC46 /* LDadd_to_cart_button@2x.png in Resources */,
				96EEBF191BA0000600816E1D /* message_icon@3x.png in Resources */,
				B076FF411B9EF8E6002C9154 /* sign_up_bg@3x.png in Resources */,
				96EEBF1B1BA0000600816E1D /* serach_icon@2x.png in Resources */,
				96EEBF071BA0000600816E1D /* cart_icon@3x.png in Resources */,
				96AD3FEB1BA0576800E4FC46 /* quantity_inputbox@2x.png in Resources */,
				96EEBEFE1BA0000600816E1D /* avatar01@3x.png in Resources */,
				B076FECA1B9EE6A4002C9154 /* default.png in Resources */,
				96AD3FEC1BA0576800E4FC46 /* remove_button.png in Resources */,
				96EEBF131BA0000600816E1D /* header_logo@3x.png in Resources */,
				B076FF2E1B9EF0B5002C9154 /* login_button@3x.png in Resources */,
				96EEBEFF1BA0000600816E1D /* bg_middle_title.png in Resources */,
				B076FF141B9EF088002C9154 /* back_button.png in Resources */,
				96EEBF041BA0000600816E1D /* cart_add_icon@3x.png in Resources */,
				B076FF1F1B9EF09A002C9154 /* back_arow@2x.png in Resources */,
				96EEBF1D1BA0000600816E1D /* share_icon.png in Resources */,
				B076FF011B9EF018002C9154 /* welcome_logo@2x.png in Resources */,
				96AD3FE21BA0576800E4FC46 /* add_icon.png in Resources */,
				96EEBF101BA0000600816E1D /* filter_button@3x.png in Resources */,
				96AD3FC21BA035A500E4FC46 /* avatar02@2x.png in Resources */,
				96AD3FEF1BA0576800E4FC46 /* subtrach_icon@2x.png in Resources */,
				B076FF001B9EF018002C9154 /* welcome_bg_image@2x.png in Resources */,
				B076FED91B9EE6FF002C9154 /* facebook_button.png in Resources */,
				96AD3FE71BA0576800E4FC46 /* checkout_button@2x.png in Resources */,
				96AD3FC41BA035A500E4FC46 /* image_bg@2x.png in Resources */,
				B076FEE11B9EE6FF002C9154 /* welcome_logo.png in Resources */,
				96EEBF181BA0000600816E1D /* message_icon@2x.png in Resources */,
				96AD3FE51BA0576800E4FC46 /* cart_bg_list@2x.png in Resources */,
				96EEBF011BA0000600816E1D /* bg_middle_title@3x.png in Resources */,
				96EEBF171BA0000600816E1D /* message_icon.png in Resources */,
				B076FEF01B9EE9F0002C9154 /* SlideViewController.xib in Resources */,
				B076FF311B9EF81C002C9154 /* fb_sign_up_button.png in Resources */,
				B076FF231B9EF09A002C9154 /* login_button@2x.png in Resources */,
				B076FEDD1B9EE6FF002C9154 /* sign_up_button.png in Resources */,
				B076FEFF1B9EF018002C9154 /* sign_up_button@2x.png in Resources */,
				B076FF091B9EF02A002C9154 /* sign_up_button@3x.png in Resources */,
				96AD3FE91BA0576800E4FC46 /* close_icon@2x.png in Resources */,
				96EEBF121BA0000600816E1D /* header_logo@2x.png in Resources */,
				96EEBF0F1BA0000600816E1D /* filter_button@2x.png in Resources */,
				96EEBF2D1BA0034500816E1D /* search_input@3x.png in Resources */,
				96AD3FE81BA0576800E4FC46 /* close_icon.png in Resources */,
				96EEBF021BA0000600816E1D /* cart_add_icon.png in Resources */,
				96AD3FE61BA0576800E4FC46 /* checkout_button.png in Resources */,
				B076FF331B9EF823002C9154 /* finish_button.png in Resources */,
				B076FF2C1B9EF0B5002C9154 /* create_button@3x.png in Resources */,
				B076FF211B9EF09A002C9154 /* create_button@2x.png in Resources */,
				96AD3FC91BA0361500E4FC46 /* LDadd_to_cart_button.png in Resources */,
				B076FF171B9EF088002C9154 /* login_button.png in Resources */,
				B076FF0A1B9EF02A002C9154 /* welcome_bg_image@3x.png in Resources */,
				96EEBF031BA0000600816E1D /* cart_add_icon@2x.png in Resources */,
				96AD3FCC1BA0361500E4FC46 /* LDback_button@2x.png in Resources */,
				96AD3FEA1BA0576800E4FC46 /* quantity_inputbox.png in Resources */,
			);
			runOnlyForDeploymentPostprocessing = 0;
		};
		B0F603201B9D4EAC00033580 /* Resources */ = {
			isa = PBXResourcesBuildPhase;
			buildActionMask = 2147483647;
			files = (
			);
			runOnlyForDeploymentPostprocessing = 0;
		};
/* End PBXResourcesBuildPhase section */

/* Begin PBXSourcesBuildPhase section */
		B0F603051B9D4EAC00033580 /* Sources */ = {
			isa = PBXSourcesBuildPhase;
			buildActionMask = 2147483647;
			files = (
				B0F603151B9D4EAC00033580 /* ViewController.m in Sources */,
				96EEBF251BA0010000816E1D /* ProductListingViewController.m in Sources */,
				B0F603121B9D4EAC00033580 /* AppDelegate.m in Sources */,
				B076FEF71B9EEA0F002C9154 /* Reachability.m in Sources */,
				96AD3FF61BA06AE100E4FC46 /* CartTableViewCell.m in Sources */,
				96AD3FF21BA06AC000E4FC46 /* CartViewController.m in Sources */,
				B076FEF61B9EEA0F002C9154 /* NVSlideMenuController.m in Sources */,
				B076FEEF1B9EE9F0002C9154 /* SlideViewController.m in Sources */,
				B076FEE61B9EE959002C9154 /* SignUpViewController.m in Sources */,
				96AD3FD01BA0497500E4FC46 /* ProductListingDetailViewController.m in Sources */,
				B0F6030F1B9D4EAC00033580 /* main.m in Sources */,
				96EEBF241BA0010000816E1D /* ProductListingTableViewCell.m in Sources */,
				B076FEEA1B9EE96F002C9154 /* LoginViewController.m in Sources */,
			);
			runOnlyForDeploymentPostprocessing = 0;
		};
		B0F6031E1B9D4EAC00033580 /* Sources */ = {
			isa = PBXSourcesBuildPhase;
			buildActionMask = 2147483647;
			files = (
				B0F603291B9D4EAC00033580 /* MinifmTests.m in Sources */,
			);
			runOnlyForDeploymentPostprocessing = 0;
		};
/* End PBXSourcesBuildPhase section */

/* Begin PBXTargetDependency section */
		B0F603241B9D4EAC00033580 /* PBXTargetDependency */ = {
			isa = PBXTargetDependency;
			target = B0F603081B9D4EAC00033580 /* Minifm */;
			targetProxy = B0F603231B9D4EAC00033580 /* PBXContainerItemProxy */;
		};
/* End PBXTargetDependency section */

/* Begin PBXVariantGroup section */
		B0F603161B9D4EAC00033580 /* Main.storyboard */ = {
			isa = PBXVariantGroup;
			children = (
				B0F603171B9D4EAC00033580 /* Base */,
			);
			name = Main.storyboard;
			sourceTree = "<group>";
		};
		B0F6031B1B9D4EAC00033580 /* LaunchScreen.xib */ = {
			isa = PBXVariantGroup;
			children = (
				B0F6031C1B9D4EAC00033580 /* Base */,
			);
			name = LaunchScreen.xib;
			sourceTree = "<group>";
		};
/* End PBXVariantGroup section */

/* Begin XCBuildConfiguration section */
		B0F6032A1B9D4EAC00033580 /* Debug */ = {
			isa = XCBuildConfiguration;
			buildSettings = {
				ALWAYS_SEARCH_USER_PATHS = NO;
				CLANG_CXX_LANGUAGE_STANDARD = "gnu++0x";
				CLANG_CXX_LIBRARY = "libc++";
				CLANG_ENABLE_MODULES = YES;
				CLANG_ENABLE_OBJC_ARC = YES;
				CLANG_WARN_BOOL_CONVERSION = YES;
				CLANG_WARN_CONSTANT_CONVERSION = YES;
				CLANG_WARN_DIRECT_OBJC_ISA_USAGE = YES_ERROR;
				CLANG_WARN_EMPTY_BODY = YES;
				CLANG_WARN_ENUM_CONVERSION = YES;
				CLANG_WARN_INT_CONVERSION = YES;
				CLANG_WARN_OBJC_ROOT_CLASS = YES_ERROR;
				CLANG_WARN_UNREACHABLE_CODE = YES;
				CLANG_WARN__DUPLICATE_METHOD_MATCH = YES;
				"CODE_SIGN_IDENTITY[sdk=iphoneos*]" = "iPhone Developer";
				COPY_PHASE_STRIP = NO;
				DEBUG_INFORMATION_FORMAT = "dwarf-with-dsym";
				ENABLE_STRICT_OBJC_MSGSEND = YES;
				GCC_C_LANGUAGE_STANDARD = gnu99;
				GCC_DYNAMIC_NO_PIC = NO;
				GCC_NO_COMMON_BLOCKS = YES;
				GCC_OPTIMIZATION_LEVEL = 0;
				GCC_PREPROCESSOR_DEFINITIONS = (
					"DEBUG=1",
					"$(inherited)",
				);
				GCC_SYMBOLS_PRIVATE_EXTERN = NO;
				GCC_WARN_64_TO_32_BIT_CONVERSION = YES;
				GCC_WARN_ABOUT_RETURN_TYPE = YES_ERROR;
				GCC_WARN_UNDECLARED_SELECTOR = YES;
				GCC_WARN_UNINITIALIZED_AUTOS = YES_AGGRESSIVE;
				GCC_WARN_UNUSED_FUNCTION = YES;
				GCC_WARN_UNUSED_VARIABLE = YES;
				IPHONEOS_DEPLOYMENT_TARGET = 8.3;
				MTL_ENABLE_DEBUG_INFO = YES;
				ONLY_ACTIVE_ARCH = YES;
				SDKROOT = iphoneos;
			};
			name = Debug;
		};
		B0F6032B1B9D4EAC00033580 /* Release */ = {
			isa = XCBuildConfiguration;
			buildSettings = {
				ALWAYS_SEARCH_USER_PATHS = NO;
				CLANG_CXX_LANGUAGE_STANDARD = "gnu++0x";
				CLANG_CXX_LIBRARY = "libc++";
				CLANG_ENABLE_MODULES = YES;
				CLANG_ENABLE_OBJC_ARC = YES;
				CLANG_WARN_BOOL_CONVERSION = YES;
				CLANG_WARN_CONSTANT_CONVERSION = YES;
				CLANG_WARN_DIRECT_OBJC_ISA_USAGE = YES_ERROR;
				CLANG_WARN_EMPTY_BODY = YES;
				CLANG_WARN_ENUM_CONVERSION = YES;
				CLANG_WARN_INT_CONVERSION = YES;
				CLANG_WARN_OBJC_ROOT_CLASS = YES_ERROR;
				CLANG_WARN_UNREACHABLE_CODE = YES;
				CLANG_WARN__DUPLICATE_METHOD_MATCH = YES;
				"CODE_SIGN_IDENTITY[sdk=iphoneos*]" = "iPhone Developer";
				COPY_PHASE_STRIP = NO;
				DEBUG_INFORMATION_FORMAT = "dwarf-with-dsym";
				ENABLE_NS_ASSERTIONS = NO;
				ENABLE_STRICT_OBJC_MSGSEND = YES;
				GCC_C_LANGUAGE_STANDARD = gnu99;
				GCC_NO_COMMON_BLOCKS = YES;
				GCC_WARN_64_TO_32_BIT_CONVERSION = YES;
				GCC_WARN_ABOUT_RETURN_TYPE = YES_ERROR;
				GCC_WARN_UNDECLARED_SELECTOR = YES;
				GCC_WARN_UNINITIALIZED_AUTOS = YES_AGGRESSIVE;
				GCC_WARN_UNUSED_FUNCTION = YES;
				GCC_WARN_UNUSED_VARIABLE = YES;
				IPHONEOS_DEPLOYMENT_TARGET = 8.3;
				MTL_ENABLE_DEBUG_INFO = NO;
				SDKROOT = iphoneos;
				VALIDATE_PRODUCT = YES;
			};
			name = Release;
		};
		B0F6032D1B9D4EAC00033580 /* Debug */ = {
			isa = XCBuildConfiguration;
			buildSettings = {
				ASSETCATALOG_COMPILER_APPICON_NAME = AppIcon;
				FRAMEWORK_SEARCH_PATHS = (
					"$(inherited)",
					"$(PROJECT_DIR)/Minifm",
				);
				INFOPLIST_FILE = Minifm/Info.plist;
				LD_RUNPATH_SEARCH_PATHS = "$(inherited) @executable_path/Frameworks";
				PRODUCT_NAME = "$(TARGET_NAME)";
				TARGETED_DEVICE_FAMILY = "1,2";
			};
			name = Debug;
		};
		B0F6032E1B9D4EAC00033580 /* Release */ = {
			isa = XCBuildConfiguration;
			buildSettings = {
				ASSETCATALOG_COMPILER_APPICON_NAME = AppIcon;
				FRAMEWORK_SEARCH_PATHS = (
					"$(inherited)",
					"$(PROJECT_DIR)/Minifm",
				);
				INFOPLIST_FILE = Minifm/Info.plist;
				LD_RUNPATH_SEARCH_PATHS = "$(inherited) @executable_path/Frameworks";
				PRODUCT_NAME = "$(TARGET_NAME)";
				TARGETED_DEVICE_FAMILY = "1,2";
			};
			name = Release;
		};
		B0F603301B9D4EAC00033580 /* Debug */ = {
			isa = XCBuildConfiguration;
			buildSettings = {
				BUNDLE_LOADER = "$(TEST_HOST)";
				FRAMEWORK_SEARCH_PATHS = (
					"$(SDKROOT)/Developer/Library/Frameworks",
					"$(inherited)",
				);
				GCC_PREPROCESSOR_DEFINITIONS = (
					"DEBUG=1",
					"$(inherited)",
				);
				INFOPLIST_FILE = MinifmTests/Info.plist;
				LD_RUNPATH_SEARCH_PATHS = "$(inherited) @executable_path/Frameworks @loader_path/Frameworks";
				PRODUCT_NAME = "$(TARGET_NAME)";
				TEST_HOST = "$(BUILT_PRODUCTS_DIR)/Minifm.app/Minifm";
			};
			name = Debug;
		};
		B0F603311B9D4EAC00033580 /* Release */ = {
			isa = XCBuildConfiguration;
			buildSettings = {
				BUNDLE_LOADER = "$(TEST_HOST)";
				FRAMEWORK_SEARCH_PATHS = (
					"$(SDKROOT)/Developer/Library/Frameworks",
					"$(inherited)",
				);
				INFOPLIST_FILE = MinifmTests/Info.plist;
				LD_RUNPATH_SEARCH_PATHS = "$(inherited) @executable_path/Frameworks @loader_path/Frameworks";
				PRODUCT_NAME = "$(TARGET_NAME)";
				TEST_HOST = "$(BUILT_PRODUCTS_DIR)/Minifm.app/Minifm";
			};
			name = Release;
		};
/* End XCBuildConfiguration section */

/* Begin XCConfigurationList section */
		B0F603041B9D4EAC00033580 /* Build configuration list for PBXProject "Minifm" */ = {
			isa = XCConfigurationList;
			buildConfigurations = (
				B0F6032A1B9D4EAC00033580 /* Debug */,
				B0F6032B1B9D4EAC00033580 /* Release */,
			);
			defaultConfigurationIsVisible = 0;
			defaultConfigurationName = Release;
		};
		B0F6032C1B9D4EAC00033580 /* Build configuration list for PBXNativeTarget "Minifm" */ = {
			isa = XCConfigurationList;
			buildConfigurations = (
				B0F6032D1B9D4EAC00033580 /* Debug */,
				B0F6032E1B9D4EAC00033580 /* Release */,
			);
			defaultConfigurationIsVisible = 0;
			defaultConfigurationName = Release;
		};
		B0F6032F1B9D4EAC00033580 /* Build configuration list for PBXNativeTarget "MinifmTests" */ = {
			isa = XCConfigurationList;
			buildConfigurations = (
				B0F603301B9D4EAC00033580 /* Debug */,
				B0F603311B9D4EAC00033580 /* Release */,
			);
			defaultConfigurationIsVisible = 0;
			defaultConfigurationName = Release;
		};
/* End XCConfigurationList section */
	};
	rootObject = B0F603011B9D4EAC00033580 /* Project object */;
}
